
Microsoft Visual Studio Solution File, Format Version 12.00
# Visual Studio Version 17
VisualStudioVersion = 17.1.32414.318
MinimumVisualStudioVersion = 10.0.40219.1
Project("{9A19103F-16F7-4668-BE54-9A1E7A4F7556}") = "inter-people-central-api", "inter-central-people-api\inter-people-central-api.csproj", "{F169FFBB-6374-47A8-984B-0E83BD3F8EB0}"
EndProject
Project("{2150E333-8FDC-42A3-9474-1A3956D46DE8}") = "Itens de Solução", "Itens de Solução", "{2D52E635-A862-4A41-AED9-9756DA11327B}"
EndProject
Project("{FAE04EC0-301F-11D3-BF4B-00C04F79EFBC}") = "Testes", "Testes\Testes.csproj", "{0AB90ADE-11E8-4A16-8AFC-DEE9C88E71B1}"
EndProject
Global
	GlobalSection(SolutionConfigurationPlatforms) = preSolution
		Debug|Any CPU = Debug|Any CPU
		Release|Any CPU = Release|Any CPU
	EndGlobalSection
	GlobalSection(ProjectConfigurationPlatforms) = postSolution
		{F169FFBB-6374-47A8-984B-0E83BD3F8EB0}.Debug|Any CPU.ActiveCfg = Debug|Any CPU
		{F169FFBB-6374-47A8-984B-0E83BD3F8EB0}.Debug|Any CPU.Build.0 = Debug|Any CPU
		{F169FFBB-6374-47A8-984B-0E83BD3F8EB0}.Release|Any CPU.ActiveCfg = Release|Any CPU
		{F169FFBB-6374-47A8-984B-0E83BD3F8EB0}.Release|Any CPU.Build.0 = Release|Any CPU
		{0AB90ADE-11E8-4A16-8AFC-DEE9C88E71B1}.Debug|Any CPU.ActiveCfg = Debug|Any CPU
		{0AB90ADE-11E8-4A16-8AFC-DEE9C88E71B1}.Debug|Any CPU.Build.0 = Debug|Any CPU
		{0AB90ADE-11E8-4A16-8AFC-DEE9C88E71B1}.Release|Any CPU.ActiveCfg = Release|Any CPU
		{0AB90ADE-11E8-4A16-8AFC-DEE9C88E71B1}.Release|Any CPU.Build.0 = Release|Any CPU
	EndGlobalSection
	GlobalSection(SolutionProperties) = preSolution
		HideSolutionNode = FALSE
	EndGlobalSection
	GlobalSection(ExtensibilityGlobals) = postSolution
		SolutionGuid = {BFDAD7A0-197E-4C24-827B-6EBDDD5D997E}
	EndGlobalSection
EndGlobal
